
Microsoft Visual Studio Solution File, Format Version 12.00
# Visual Studio 15
VisualStudioVersion = 15.0.28010.2041
MinimumVisualStudioVersion = 10.0.40219.1
Project("{FAE04EC0-301F-11D3-BF4B-00C04F79EFBC}") = "MyPoc.Web", "MyPoc.Web\MyPoc.Web.csproj", "{EABB9ACC-229E-4FA1-9AC1-D755654CC39F}"
EndProject
Project("{FAE04EC0-301F-11D3-BF4B-00C04F79EFBC}") = "MyPoc.Api1", "MyPoc.Api1\MyPoc.Api1.csproj", "{6A8F6D86-F84F-404E-8C59-2C0E263777E5}"
EndProject
Project("{E53339B2-1760-4266-BCC7-CA923CBCF16C}") = "docker-compose", "docker-compose.dcproj", "{926BF9C7-8723-4784-854B-B7B9A3C7CDB4}"
EndProject
Global
	GlobalSection(SolutionConfigurationPlatforms) = preSolution
		Debug|Any CPU = Debug|Any CPU
		Release|Any CPU = Release|Any CPU
	EndGlobalSection
	GlobalSection(ProjectConfigurationPlatforms) = postSolution
		{EABB9ACC-229E-4FA1-9AC1-D755654CC39F}.Debug|Any CPU.ActiveCfg = Debug|Any CPU
		{EABB9ACC-229E-4FA1-9AC1-D755654CC39F}.Debug|Any CPU.Build.0 = Debug|Any CPU
		{EABB9ACC-229E-4FA1-9AC1-D755654CC39F}.Release|Any CPU.ActiveCfg = Release|Any CPU
		{EABB9ACC-229E-4FA1-9AC1-D755654CC39F}.Release|Any CPU.Build.0 = Release|Any CPU
		{6A8F6D86-F84F-404E-8C59-2C0E263777E5}.Debug|Any CPU.ActiveCfg = Debug|Any CPU
		{6A8F6D86-F84F-404E-8C59-2C0E263777E5}.Debug|Any CPU.Build.0 = Debug|Any CPU
		{6A8F6D86-F84F-404E-8C59-2C0E263777E5}.Release|Any CPU.ActiveCfg = Release|Any CPU
		{6A8F6D86-F84F-404E-8C59-2C0E263777E5}.Release|Any CPU.Build.0 = Release|Any CPU
		{926BF9C7-8723-4784-854B-B7B9A3C7CDB4}.Debug|Any CPU.ActiveCfg = Debug|Any CPU
		{926BF9C7-8723-4784-854B-B7B9A3C7CDB4}.Debug|Any CPU.Build.0 = Debug|Any CPU
		{926BF9C7-8723-4784-854B-B7B9A3C7CDB4}.Release|Any CPU.ActiveCfg = Release|Any CPU
		{926BF9C7-8723-4784-854B-B7B9A3C7CDB4}.Release|Any CPU.Build.0 = Release|Any CPU
	EndGlobalSection
	GlobalSection(SolutionProperties) = preSolution
		HideSolutionNode = FALSE
	EndGlobalSection
	GlobalSection(ExtensibilityGlobals) = postSolution
		SolutionGuid = {12C76F9E-86CE-4449-A86C-C07C80199AC6}
	EndGlobalSection
EndGlobal
